
Microsoft Visual Studio Solution File, Format Version 12.00
# Visual Studio Version 16
VisualStudioVersion = 16.0.30717.126
MinimumVisualStudioVersion = 10.0.40219.1
Project("{FAE04EC0-301F-11D3-BF4B-00C04F79EFBC}") = "PrivacyTools", "PrivacyTools\PrivacyTools.csproj", "{668F1287-2A99-4735-8ADB-499BC9AC966D}"
EndProject
Global
	GlobalSection(SolutionConfigurationPlatforms) = preSolution
		Debug|Any CPU = Debug|Any CPU
		Release|Any CPU = Release|Any CPU
	EndGlobalSection
	GlobalSection(ProjectConfigurationPlatforms) = postSolution
		{668F1287-2A99-4735-8ADB-499BC9AC966D}.Debug|Any CPU.ActiveCfg = Debug|Any CPU
		{668F1287-2A99-4735-8ADB-499BC9AC966D}.Debug|Any CPU.Build.0 = Debug|Any CPU
		{668F1287-2A99-4735-8ADB-499BC9AC966D}.Release|Any CPU.ActiveCfg = Release|Any CPU
		{668F1287-2A99-4735-8ADB-499BC9AC966D}.Release|Any CPU.Build.0 = Release|Any CPU
	EndGlobalSection
	GlobalSection(SolutionProperties) = preSolution
		HideSolutionNode = FALSE
	EndGlobalSection
	GlobalSection(ExtensibilityGlobals) = postSolution
		SolutionGuid = {03FAA866-C99C-46CD-973C-65EE4E7BBDC3}
	EndGlobalSection
EndGlobal
